
Microsoft Visual Studio Solution File, Format Version 12.00
# Visual Studio 15
VisualStudioVersion = 15.0.27428.2002
MinimumVisualStudioVersion = 10.0.40219.1
Project("{8BC9CEB8-8B4A-11D0-8D11-00A0C91BC942}") = "MyApp", "MyApp\MyApp.vcxproj", "{03DB7513-0F03-4AED-907B-2DCC9C39AC4C}"
EndProject
Global
	GlobalSection(SolutionConfigurationPlatforms) = preSolution
		Debug|x64 = Debug|x64
		Debug|x86 = Debug|x86
		Release|x64 = Release|x64
		Release|x86 = Release|x86
	EndGlobalSection
	GlobalSection(ProjectConfigurationPlatforms) = postSolution
		{03DB7513-0F03-4AED-907B-2DCC9C39AC4C}.Debug|x64.ActiveCfg = Debug|x64
		{03DB7513-0F03-4AED-907B-2DCC9C39AC4C}.Debug|x64.Build.0 = Debug|x64
		{03DB7513-0F03-4AED-907B-2DCC9C39AC4C}.Debug|x86.ActiveCfg = Debug|Win32
		{03DB7513-0F03-4AED-907B-2DCC9C39AC4C}.Debug|x86.Build.0 = Debug|Win32
		{03DB7513-0F03-4AED-907B-2DCC9C39AC4C}.Release|x64.ActiveCfg = Release|x64
		{03DB7513-0F03-4AED-907B-2DCC9C39AC4C}.Release|x64.Build.0 = Release|x64
		{03DB7513-0F03-4AED-907B-2DCC9C39AC4C}.Release|x86.ActiveCfg = Release|Win32
		{03DB7513-0F03-4AED-907B-2DCC9C39AC4C}.Release|x86.Build.0 = Release|Win32
	EndGlobalSection
	GlobalSection(SolutionProperties) = preSolution
		HideSolutionNode = FALSE
	EndGlobalSection
	GlobalSection(ExtensibilityGlobals) = postSolution
		SolutionGuid = {58228F45-4536-4F46-852D-2D110512BEF3}
	EndGlobalSection
EndGlobal
